{
  "requires": true,
  "lockfileVersion": 1,
  "dependencies": {
    "@swimlane/ngx-datatable": {
      "version": "13.1.0",
      "resolved": "https://registry.npmjs.org/@swimlane/ngx-datatable/-/ngx-datatable-13.1.0.tgz",
      "integrity": "sha512-UJRXbRkLDq9oweY/ZlmU5X7MtnD3+7/nuCBx2cvsbkDKj6cECy+m1O/EfAGEh5++zZ55QWmX4rj7nM4G9pst/w=="
    }
  }
}
